# This file is automatically @generated by Wally.
# It is not intended for manual editing.
registry = "test"

[[package]]
name = "chipioindustries/live-debug-toolkit"
version = "1.0.0"
dependencies = [["Signal", "chipioindustries/signal@1.1.1"], ["makeStandalone", "chipioindustries/make-standalone@1.0.7"]]

[[package]]
name = "chipioindustries/make-standalone"
version = "1.0.7"
dependencies = [["t", "osyrisrblx/t@3.0.0"]]

[[package]]
name = "chipioindustries/signal"
version = "1.1.1"
dependencies = []

[[package]]
name = "osyrisrblx/t"
version = "3.0.0"
dependencies = []

[[package]]
name = "roblox/testez"
version = "0.4.1"
dependencies = []
